<?xml version="1.0" encoding="utf-8"?>
<Project xmlns="http://schemas.microsoft.com/developer/msbuild/2003">
  <ItemGroup>
    <Filter Include="Form Files">
      <UniqueIdentifier>{99349809-55BA-4b9d-BF79-8FDBB0286EB3}</UniqueIdentifier>
      <Extensions>ui</Extensions>
      <ParseFiles>false</ParseFiles>
    </Filter>
    <Filter Include="Form Files">
      <UniqueIdentifier>{99349809-55BA-4b9d-BF79-8FDBB0286EB3}</UniqueIdentifier>
      <Extensions>ui</Extensions>
      <ParseFiles>false</ParseFiles>
    </Filter>
    <Filter Include="Generated Files">
      <UniqueIdentifier>{71ED8ED8-ACB9-4CE9-BBE1-E00B30144E11}</UniqueIdentifier>
      <Extensions>cpp;c;cxx;moc;h;def;odl;idl;res;</Extensions>
    </Filter>
    <Filter Include="Generated Files">
      <UniqueIdentifier>{71ED8ED8-ACB9-4CE9-BBE1-E00B30144E11}</UniqueIdentifier>
      <Extensions>cpp;c;cxx;moc;h;def;odl;idl;res;</Extensions>
    </Filter>
    <Filter Include="Header Files">
      <UniqueIdentifier>{93995380-89BD-4b04-88EB-625FBE52EBFB}</UniqueIdentifier>
      <Extensions>h;hpp;hxx;hm;inl;inc;xsd</Extensions>
    </Filter>
    <Filter Include="Header Files">
      <UniqueIdentifier>{93995380-89BD-4b04-88EB-625FBE52EBFB}</UniqueIdentifier>
      <Extensions>h;hpp;hxx;hm;inl;inc;xsd</Extensions>
    </Filter>
    <Filter Include="Source Files">
      <UniqueIdentifier>{4FC737F1-C7A5-4376-A066-2A32D752A2FF}</UniqueIdentifier>
      <Extensions>cpp;c;cxx;def;odl;idl;hpj;bat;asm;asmx</Extensions>
    </Filter>
    <Filter Include="Source Files">
      <UniqueIdentifier>{4FC737F1-C7A5-4376-A066-2A32D752A2FF}</UniqueIdentifier>
      <Extensions>cpp;c;cxx;def;odl;idl;hpj;bat;asm;asmx</Extensions>
    </Filter>
    <Filter Include="Source Files\backend">
      <UniqueIdentifier>{685ac917-a70d-4067-8932-cc84e12d0a6e}</UniqueIdentifier>
    </Filter>
    <Filter Include="Source Files\backend\exceptions">
      <UniqueIdentifier>{96a4b970-eff4-4f1d-9bdf-e85d2ae71dd1}</UniqueIdentifier>
    </Filter>
    <Filter Include="Header Files\backend">
      <UniqueIdentifier>{b9b66156-93c3-44e0-8560-7d2e936f5eff}</UniqueIdentifier>
    </Filter>
    <Filter Include="Header Files\backend\exceptions">
      <UniqueIdentifier>{5402640e-59be-49b2-8fca-685da7b51dca}</UniqueIdentifier>
    </Filter>
    <Filter Include="Source Files\backend\tools">
      <UniqueIdentifier>{d0e730f8-0ee0-4768-9ffd-19a34e7810ad}</UniqueIdentifier>
    </Filter>
    <Filter Include="Header Files\backend\tools">
      <UniqueIdentifier>{dc8a6d24-d101-4c87-bf5e-8935a4daa22f}</UniqueIdentifier>
    </Filter>
    <Filter Include="Header Files\backend\models">
      <UniqueIdentifier>{7017a7ac-5c35-44a7-97cb-2061ce5c7104}</UniqueIdentifier>
    </Filter>
    <Filter Include="Source Files\backend\models">
      <UniqueIdentifier>{d3dea8c4-d8dc-4643-9b09-fcc399d624b5}</UniqueIdentifier>
    </Filter>
    <Filter Include="Header Files\frontend">
      <UniqueIdentifier>{e17e9a90-8a1d-4252-8f3a-a8c9b2879683}</UniqueIdentifier>
    </Filter>
    <Filter Include="Header Files\frontend\model">
      <UniqueIdentifier>{f53457e6-88bd-47b0-986f-bc619803e4ef}</UniqueIdentifier>
    </Filter>
    <Filter Include="Source Files\frontend">
      <UniqueIdentifier>{39e488aa-a6cd-498f-bb41-1ef6760ee975}</UniqueIdentifier>
    </Filter>
    <Filter Include="Source Files\frontend\model">
      <UniqueIdentifier>{58b51f78-7d6b-48f0-ab26-1f556acd7027}</UniqueIdentifier>
    </Filter>
    <Filter Include="Source Files\backend\utilities">
      <UniqueIdentifier>{ddde26a6-8774-4c2d-995f-f7981acf7ba3}</UniqueIdentifier>
    </Filter>
    <Filter Include="Source Files\backend\utilities\helpers">
      <UniqueIdentifier>{9756b452-f792-48f0-9075-767938f8ca4a}</UniqueIdentifier>
    </Filter>
    <Filter Include="Header Files\backend\utilities">
      <UniqueIdentifier>{7d4e1ce7-ddbd-4642-a1e8-6115ec24a538}</UniqueIdentifier>
    </Filter>
    <Filter Include="Header Files\backend\utilities\helpers">
      <UniqueIdentifier>{2b54b168-ab7d-4367-9fb3-95df4b032c8a}</UniqueIdentifier>
    </Filter>
  </ItemGroup>
  <ItemGroup>
    <ClCompile Include="src/main.cpp">
      <Filter>Source Files</Filter>
    </ClCompile>
    <ClCompile Include="src/baseexception.cpp">
      <Filter>Source Files\backend\exceptions</Filter>
    </ClCompile>
    <ClCompile Include="src/audiodecoder.cpp">
      <Filter>Source Files\backend\tools</Filter>
    </ClCompile>
    <ClCompile Include="src/pcmaudiodata.cpp">
      <Filter>Source Files\backend\models</Filter>
    </ClCompile>
    <ClCompile Include="src/wavdata.cpp">
      <Filter>Source Files\backend\models</Filter>
    </ClCompile>
    <ClCompile Include="src/player.cpp">
      <Filter>Source Files\frontend\model</Filter>
    </ClCompile>
    <ClCompile Include="src/app.cpp">
      <Filter>Source Files\frontend\model</Filter>
    </ClCompile>
    <ClCompile Include="src/playercontrols.cpp">
      <Filter>Source Files\frontend\model</Filter>
    </ClCompile>
    <ClCompile Include="src/playlistmodel.cpp">
      <Filter>Source Files\frontend\model</Filter>
    </ClCompile>
    <ClCompile Include="src/videowidget.cpp">
      <Filter>Source Files\frontend\model</Filter>
    </ClCompile>
    <ClCompile Include="src/wavfilereader.cpp">
      <Filter>Source Files\backend\utilities\helpers</Filter>
    </ClCompile>
    <ClCompile Include="src/audiosearchengine.cpp">
      <Filter>Source Files\backend\tools</Filter>
    </ClCompile>
  </ItemGroup>
  <ItemGroup>
    <QtMoc Include="src/audiodecoder.h">
      <Filter>Header Files\backend\tools</Filter>
    </QtMoc>
    <QtMoc Include="src/pcmaudiodata.h">
      <Filter>Header Files\backend\models</Filter>
    </QtMoc>
    <QtMoc Include="src/wavdata.h">
      <Filter>Header Files\backend\models</Filter>
    </QtMoc>
    <QtMoc Include="src/player.h">
      <Filter>Header Files\frontend\model</Filter>
    </QtMoc>
    <QtMoc Include="src/playercontrols.h">
      <Filter>Header Files\frontend\model</Filter>
    </QtMoc>
    <QtMoc Include="src/playlistmodel.h">
      <Filter>Header Files\frontend\model</Filter>
    </QtMoc>
    <QtMoc Include="src/videowidget.h">
      <Filter>Header Files\frontend\model</Filter>
    </QtMoc>
    <QtMoc Include="src/wavfilereader.h">
      <Filter>Header Files\backend\utilities\helpers</Filter>
    </QtMoc>
    <QtMoc Include="src/audiosearchengine.h">
      <Filter>Header Files\backend\tools</Filter>
    </QtMoc>
    <QtMoc Include="src/app.h">
      <Filter>Header Files\frontend\model</Filter>
    </QtMoc>
  </ItemGroup>
  <ItemGroup>
    <CustomBuild Include="debug\moc_predefs.h.cbt">
      <Filter>Generated Files</Filter>
    </CustomBuild>
    <CustomBuild Include="release\moc_predefs.h.cbt">
      <Filter>Generated Files</Filter>
    </CustomBuild>
    <ClInclude Include="ui_mainwindow.h">
      <Filter>Generated Files</Filter>
    </ClInclude>
  </ItemGroup>
  <ItemGroup>
    <QtUic Include="mainwindow.ui">
      <Filter>Form Files</Filter>
    </QtUic>
  </ItemGroup>
  <ItemGroup>
    <ClInclude Include="src/filereaderexception.h">
      <Filter>Header Files\backend\exceptions</Filter>
    </ClInclude>
    <ClInclude Include="src/baseexception.h">
      <Filter>Header Files\backend\exceptions</Filter>
    </ClInclude>
    <ClInclude Include="src/audiodecoderexception.h">
      <Filter>Header Files\backend\exceptions</Filter>
    </ClInclude>
    <ClInclude Include="src/muxexception.h">
      <Filter>Header Files\backend\exceptions</Filter>
    </ClInclude>
    <ClInclude Include="src/audiosearchengineexception.h">
      <Filter>Header Files\backend\exceptions</Filter>
    </ClInclude>
  </ItemGroup>
</Project>